
Microsoft Visual Studio Solution File, Format Version 12.00
# Visual Studio 15
VisualStudioVersion = 15.0.28307.1062
MinimumVisualStudioVersion = 10.0.40219.1
Project("{FAE04EC0-301F-11D3-BF4B-00C04F79EFBC}") = "LearningRussianApp", "LearningRussianApp\LearningRussianApp.csproj", "{520B194E-08E1-446E-B224-5FFAA7F76A6A}"
EndProject
Global
	GlobalSection(SolutionConfigurationPlatforms) = preSolution
		Debug|Any CPU = Debug|Any CPU
		Release|Any CPU = Release|Any CPU
	EndGlobalSection
	GlobalSection(ProjectConfigurationPlatforms) = postSolution
		{520B194E-08E1-446E-B224-5FFAA7F76A6A}.Debug|Any CPU.ActiveCfg = Debug|Any CPU
		{520B194E-08E1-446E-B224-5FFAA7F76A6A}.Debug|Any CPU.Build.0 = Debug|Any CPU
		{520B194E-08E1-446E-B224-5FFAA7F76A6A}.Release|Any CPU.ActiveCfg = Release|Any CPU
		{520B194E-08E1-446E-B224-5FFAA7F76A6A}.Release|Any CPU.Build.0 = Release|Any CPU
	EndGlobalSection
	GlobalSection(SolutionProperties) = preSolution
		HideSolutionNode = FALSE
	EndGlobalSection
	GlobalSection(ExtensibilityGlobals) = postSolution
		SolutionGuid = {463FB953-1F39-49F4-BEE4-6109FF99A2AC}
	EndGlobalSection
EndGlobal
